
Microsoft Visual Studio Solution File, Format Version 12.00
# Visual Studio Version 17
VisualStudioVersion = 17.10.35027.167
MinimumVisualStudioVersion = 10.0.40219.1
Project("{9A19103F-16F7-4668-BE54-9A1E7A4F7556}") = "API-FuruiFukuInc", "API-FuruiFukuInc.csproj", "{31F3717B-5930-4BDA-8253-6F76EB25E94B}"
EndProject
Global
	GlobalSection(SolutionConfigurationPlatforms) = preSolution
		Debug|Any CPU = Debug|Any CPU
		Release|Any CPU = Release|Any CPU
	EndGlobalSection
	GlobalSection(ProjectConfigurationPlatforms) = postSolution
		{31F3717B-5930-4BDA-8253-6F76EB25E94B}.Debug|Any CPU.ActiveCfg = Debug|Any CPU
		{31F3717B-5930-4BDA-8253-6F76EB25E94B}.Debug|Any CPU.Build.0 = Debug|Any CPU
		{31F3717B-5930-4BDA-8253-6F76EB25E94B}.Release|Any CPU.ActiveCfg = Release|Any CPU
		{31F3717B-5930-4BDA-8253-6F76EB25E94B}.Release|Any CPU.Build.0 = Release|Any CPU
	EndGlobalSection
	GlobalSection(SolutionProperties) = preSolution
		HideSolutionNode = FALSE
	EndGlobalSection
	GlobalSection(ExtensibilityGlobals) = postSolution
		SolutionGuid = {D5C9624B-892A-4352-9F70-B09386BD38E4}
	EndGlobalSection
EndGlobal
